
Microsoft Visual Studio Solution File, Format Version 12.00
# Visual Studio Version 17
VisualStudioVersion = 17.0.31903.59
MinimumVisualStudioVersion = 10.0.40219.1
Project("{FAE04EC0-301F-11D3-BF4B-00C04F79EFBC}") = "Fina.Api", "Fina.Api\Fina.Api.csproj", "{35E8DDE1-53F1-413A-BD87-514C2A47C22B}"
EndProject
Project("{FAE04EC0-301F-11D3-BF4B-00C04F79EFBC}") = "Fina.Core", "Fina.Core\Fina.Core.csproj", "{21C04740-9049-4301-AA72-7B58BEA95A8B}"
EndProject
Project("{FAE04EC0-301F-11D3-BF4B-00C04F79EFBC}") = "Fina.Web", "Fina.Web\Fina.Web.csproj", "{78137F9E-89FF-48CE-A842-4D984FB719D7}"
EndProject
Global
	GlobalSection(SolutionConfigurationPlatforms) = preSolution
		Debug|Any CPU = Debug|Any CPU
		Debug|x64 = Debug|x64
		Debug|x86 = Debug|x86
		Release|Any CPU = Release|Any CPU
		Release|x64 = Release|x64
		Release|x86 = Release|x86
	EndGlobalSection
	GlobalSection(ProjectConfigurationPlatforms) = postSolution
		{35E8DDE1-53F1-413A-BD87-514C2A47C22B}.Debug|Any CPU.ActiveCfg = Debug|Any CPU
		{35E8DDE1-53F1-413A-BD87-514C2A47C22B}.Debug|Any CPU.Build.0 = Debug|Any CPU
		{35E8DDE1-53F1-413A-BD87-514C2A47C22B}.Debug|x64.ActiveCfg = Debug|Any CPU
		{35E8DDE1-53F1-413A-BD87-514C2A47C22B}.Debug|x64.Build.0 = Debug|Any CPU
		{35E8DDE1-53F1-413A-BD87-514C2A47C22B}.Debug|x86.ActiveCfg = Debug|Any CPU
		{35E8DDE1-53F1-413A-BD87-514C2A47C22B}.Debug|x86.Build.0 = Debug|Any CPU
		{35E8DDE1-53F1-413A-BD87-514C2A47C22B}.Release|Any CPU.ActiveCfg = Release|Any CPU
		{35E8DDE1-53F1-413A-BD87-514C2A47C22B}.Release|Any CPU.Build.0 = Release|Any CPU
		{35E8DDE1-53F1-413A-BD87-514C2A47C22B}.Release|x64.ActiveCfg = Release|Any CPU
		{35E8DDE1-53F1-413A-BD87-514C2A47C22B}.Release|x64.Build.0 = Release|Any CPU
		{35E8DDE1-53F1-413A-BD87-514C2A47C22B}.Release|x86.ActiveCfg = Release|Any CPU
		{35E8DDE1-53F1-413A-BD87-514C2A47C22B}.Release|x86.Build.0 = Release|Any CPU
		{21C04740-9049-4301-AA72-7B58BEA95A8B}.Debug|Any CPU.ActiveCfg = Debug|Any CPU
		{21C04740-9049-4301-AA72-7B58BEA95A8B}.Debug|Any CPU.Build.0 = Debug|Any CPU
		{21C04740-9049-4301-AA72-7B58BEA95A8B}.Debug|x64.ActiveCfg = Debug|Any CPU
		{21C04740-9049-4301-AA72-7B58BEA95A8B}.Debug|x64.Build.0 = Debug|Any CPU
		{21C04740-9049-4301-AA72-7B58BEA95A8B}.Debug|x86.ActiveCfg = Debug|Any CPU
		{21C04740-9049-4301-AA72-7B58BEA95A8B}.Debug|x86.Build.0 = Debug|Any CPU
		{21C04740-9049-4301-AA72-7B58BEA95A8B}.Release|Any CPU.ActiveCfg = Release|Any CPU
		{21C04740-9049-4301-AA72-7B58BEA95A8B}.Release|Any CPU.Build.0 = Release|Any CPU
		{21C04740-9049-4301-AA72-7B58BEA95A8B}.Release|x64.ActiveCfg = Release|Any CPU
		{21C04740-9049-4301-AA72-7B58BEA95A8B}.Release|x64.Build.0 = Release|Any CPU
		{21C04740-9049-4301-AA72-7B58BEA95A8B}.Release|x86.ActiveCfg = Release|Any CPU
		{21C04740-9049-4301-AA72-7B58BEA95A8B}.Release|x86.Build.0 = Release|Any CPU
		{78137F9E-89FF-48CE-A842-4D984FB719D7}.Debug|Any CPU.ActiveCfg = Debug|Any CPU
		{78137F9E-89FF-48CE-A842-4D984FB719D7}.Debug|Any CPU.Build.0 = Debug|Any CPU
		{78137F9E-89FF-48CE-A842-4D984FB719D7}.Debug|x64.ActiveCfg = Debug|Any CPU
		{78137F9E-89FF-48CE-A842-4D984FB719D7}.Debug|x64.Build.0 = Debug|Any CPU
		{78137F9E-89FF-48CE-A842-4D984FB719D7}.Debug|x86.ActiveCfg = Debug|Any CPU
		{78137F9E-89FF-48CE-A842-4D984FB719D7}.Debug|x86.Build.0 = Debug|Any CPU
		{78137F9E-89FF-48CE-A842-4D984FB719D7}.Release|Any CPU.ActiveCfg = Release|Any CPU
		{78137F9E-89FF-48CE-A842-4D984FB719D7}.Release|Any CPU.Build.0 = Release|Any CPU
		{78137F9E-89FF-48CE-A842-4D984FB719D7}.Release|x64.ActiveCfg = Release|Any CPU
		{78137F9E-89FF-48CE-A842-4D984FB719D7}.Release|x64.Build.0 = Release|Any CPU
		{78137F9E-89FF-48CE-A842-4D984FB719D7}.Release|x86.ActiveCfg = Release|Any CPU
		{78137F9E-89FF-48CE-A842-4D984FB719D7}.Release|x86.Build.0 = Release|Any CPU
	EndGlobalSection
	GlobalSection(SolutionProperties) = preSolution
		HideSolutionNode = FALSE
	EndGlobalSection
EndGlobal
